
Microsoft Visual Studio Solution File, Format Version 12.00
# Visual Studio Version 17
VisualStudioVersion = 17.7.34031.279
MinimumVisualStudioVersion = 10.0.40219.1
Project("{FAE04EC0-301F-11D3-BF4B-00C04F79EFBC}") = "Metotlar", "Metotlar\Metotlar.csproj", "{A8BFA088-2FB6-4CE7-93C2-60E47BDA0E86}"
EndProject
Global
	GlobalSection(SolutionConfigurationPlatforms) = preSolution
		Debug|Any CPU = Debug|Any CPU
		Release|Any CPU = Release|Any CPU
	EndGlobalSection
	GlobalSection(ProjectConfigurationPlatforms) = postSolution
		{A8BFA088-2FB6-4CE7-93C2-60E47BDA0E86}.Debug|Any CPU.ActiveCfg = Debug|Any CPU
		{A8BFA088-2FB6-4CE7-93C2-60E47BDA0E86}.Debug|Any CPU.Build.0 = Debug|Any CPU
		{A8BFA088-2FB6-4CE7-93C2-60E47BDA0E86}.Release|Any CPU.ActiveCfg = Release|Any CPU
		{A8BFA088-2FB6-4CE7-93C2-60E47BDA0E86}.Release|Any CPU.Build.0 = Release|Any CPU
	EndGlobalSection
	GlobalSection(SolutionProperties) = preSolution
		HideSolutionNode = FALSE
	EndGlobalSection
	GlobalSection(ExtensibilityGlobals) = postSolution
		SolutionGuid = {01EEF0C3-A438-441B-B38C-96C322779915}
	EndGlobalSection
EndGlobal
